// !$*UTF8*$!
{
	archiveVersion = 1;
	classes = {
	};
	objectVersion = 50;
	objects = {

/* Begin PBXBuildFile section */
		17303AD022AFDB090060A4BC /* Brain.swift in Sources */ = {isa = PBXBuildFile; fileRef = 17303ACF22AFDB090060A4BC /* Brain.swift */; };
		17CE4B7622AF8F1900AA2481 /* AppDelegate.swift in Sources */ = {isa = PBXBuildFile; fileRef = 17CE4B7522AF8F1900AA2481 /* AppDelegate.swift */; };
		17CE4B7822AF8F1900AA2481 /* ViewController.swift in Sources */ = {isa = PBXBuildFile; fileRef = 17CE4B7722AF8F1900AA2481 /* ViewController.swift */; };
		17CE4B7B22AF8F1900AA2481 /* Main.storyboard in Resources */ = {isa = PBXBuildFile; fileRef = 17CE4B7922AF8F1900AA2481 /* Main.storyboard */; };
		17CE4B7D22AF8F1D00AA2481 /* Assets.xcassets in Resources */ = {isa = PBXBuildFile; fileRef = 17CE4B7C22AF8F1D00AA2481 /* Assets.xcassets */; };
		17CE4B8022AF8F1D00AA2481 /* LaunchScreen.storyboard in Resources */ = {isa = PBXBuildFile; fileRef = 17CE4B7E22AF8F1D00AA2481 /* LaunchScreen.storyboard */; };
		17CE4B9622AF8F1D00AA2481 /* FizzBuzzUITests.swift in Sources */ = {isa = PBXBuildFile; fileRef = 17CE4B9522AF8F1D00AA2481 /* FizzBuzzUITests.swift */; };
		17CE4BA422AF8F9B00AA2481 /* BrainTests.swift in Sources */ = {isa = PBXBuildFile; fileRef = 17CE4BA322AF8F9B00AA2481 /* BrainTests.swift */; };
/* End PBXBuildFile section */

/* Begin PBXContainerItemProxy section */
		17CE4B8722AF8F1D00AA2481 /* PBXContainerItemProxy */ = {
			isa = PBXContainerItemProxy;
			containerPortal = 17CE4B6A22AF8F1900AA2481 /* Project object */;
			proxyType = 1;
			remoteGlobalIDString = 17CE4B7122AF8F1900AA2481;
			remoteInfo = FizzBuzz;
		};
		17CE4B9222AF8F1D00AA2481 /* PBXContainerItemProxy */ = {
			isa = PBXContainerItemProxy;
			containerPortal = 17CE4B6A22AF8F1900AA2481 /* Project object */;
			proxyType = 1;
			remoteGlobalIDString = 17CE4B7122AF8F1900AA2481;
			remoteInfo = FizzBuzz;
		};
/* End PBXContainerItemProxy section */

/* Begin PBXFileReference section */
		17303ACF22AFDB090060A4BC /* Brain.swift */ = {isa = PBXFileReference; lastKnownFileType = sourcecode.swift; path = Brain.swift; sourceTree = "<group>"; };
		17CE4B7222AF8F1900AA2481 /* FizzBuzz.app */ = {isa = PBXFileReference; explicitFileType = wrapper.application; includeInIndex = 0; path = FizzBuzz.app; sourceTree = BUILT_PRODUCTS_DIR; };
		17CE4B7522AF8F1900AA2481 /* AppDelegate.swift */ = {isa = PBXFileReference; lastKnownFileType = sourcecode.swift; path = AppDelegate.swift; sourceTree = "<group>"; };
		17CE4B7722AF8F1900AA2481 /* ViewController.swift */ = {isa = PBXFileReference; lastKnownFileType = sourcecode.swift; path = ViewController.swift; sourceTree = "<group>"; };
		17CE4B7A22AF8F1900AA2481 /* Base */ = {isa = PBXFileReference; lastKnownFileType = file.storyboard; name = Base; path = Base.lproj/Main.storyboard; sourceTree = "<group>"; };
		17CE4B7C22AF8F1D00AA2481 /* Assets.xcassets */ = {isa = PBXFileReference; lastKnownFileType = folder.assetcatalog; path = Assets.xcassets; sourceTree = "<group>"; };
		17CE4B7F22AF8F1D00AA2481 /* Base */ = {isa = PBXFileReference; lastKnownFileType = file.storyboard; name = Base; path = Base.lproj/LaunchScreen.storyboard; sourceTree = "<group>"; };
		17CE4B8122AF8F1D00AA2481 /* Info.plist */ = {isa = PBXFileReference; lastKnownFileType = text.plist.xml; path = Info.plist; sourceTree = "<group>"; };
		17CE4B8622AF8F1D00AA2481 /* FizzBuzzTests.xctest */ = {isa = PBXFileReference; explicitFileType = wrapper.cfbundle; includeInIndex = 0; path = FizzBuzzTests.xctest; sourceTree = BUILT_PRODUCTS_DIR; };
		17CE4B8C22AF8F1D00AA2481 /* Info.plist */ = {isa = PBXFileReference; lastKnownFileType = text.plist.xml; path = Info.plist; sourceTree = "<group>"; };
		17CE4B9122AF8F1D00AA2481 /* FizzBuzzUITests.xctest */ = {isa = PBXFileReference; explicitFileType = wrapper.cfbundle; includeInIndex = 0; path = FizzBuzzUITests.xctest; sourceTree = BUILT_PRODUCTS_DIR; };
		17CE4B9522AF8F1D00AA2481 /* FizzBuzzUITests.swift */ = {isa = PBXFileReference; lastKnownFileType = sourcecode.swift; path = FizzBuzzUITests.swift; sourceTree = "<group>"; };
		17CE4B9722AF8F1D00AA2481 /* Info.plist */ = {isa = PBXFileReference; lastKnownFileType = text.plist.xml; path = Info.plist; sourceTree = "<group>"; };
		17CE4BA322AF8F9B00AA2481 /* BrainTests.swift */ = {isa = PBXFileReference; lastKnownFileType = sourcecode.swift; path = BrainTests.swift; sourceTree = "<group>"; };
/* End PBXFileReference section */

/* Begin PBXFrameworksBuildPhase section */
		17CE4B6F22AF8F1900AA2481 /* Frameworks */ = {
			isa = PBXFrameworksBuildPhase;
			buildActionMask = 2147483647;
			files = (
			);
			runOnlyForDeploymentPostprocessing = 0;
		};
		17CE4B8322AF8F1D00AA2481 /* Frameworks */ = {
			isa = PBXFrameworksBuildPhase;
			buildActionMask = 2147483647;
			files = (
			);
			runOnlyForDeploymentPostprocessing = 0;
		};
		17CE4B8E22AF8F1D00AA2481 /* Frameworks */ = {
			isa = PBXFrameworksBuildPhase;
			buildActionMask = 2147483647;
			files = (
			);
			runOnlyForDeploymentPostprocessing = 0;
		};
/* End PBXFrameworksBuildPhase section */

/* Begin PBXGroup section */
		17CE4B6922AF8F1900AA2481 = {
			isa = PBXGroup;
			children = (
				17CE4B7422AF8F1900AA2481 /* FizzBuzz */,
				17CE4B8922AF8F1D00AA2481 /* FizzBuzzTests */,
				17CE4B9422AF8F1D00AA2481 /* FizzBuzzUITests */,
				17CE4B7322AF8F1900AA2481 /* Products */,
			);
			sourceTree = "<group>";
		};
		17CE4B7322AF8F1900AA2481 /* Products */ = {
			isa = PBXGroup;
			children = (
				17CE4B7222AF8F1900AA2481 /* FizzBuzz.app */,
				17CE4B8622AF8F1D00AA2481 /* FizzBuzzTests.xctest */,
				17CE4B9122AF8F1D00AA2481 /* FizzBuzzUITests.xctest */,
			);
			name = Products;
			sourceTree = "<group>";
		};
		17CE4B7422AF8F1900AA2481 /* FizzBuzz */ = {
			isa = PBXGroup;
			children = (
				17CE4B7522AF8F1900AA2481 /* AppDelegate.swift */,
				17CE4B7722AF8F1900AA2481 /* ViewController.swift */,
				17CE4B7922AF8F1900AA2481 /* Main.storyboard */,
				17CE4B7C22AF8F1D00AA2481 /* Assets.xcassets */,
				17CE4B7E22AF8F1D00AA2481 /* LaunchScreen.storyboard */,
				17CE4B8122AF8F1D00AA2481 /* Info.plist */,
				17303ACF22AFDB090060A4BC /* Brain.swift */,
			);
			path = FizzBuzz;
			sourceTree = "<group>";
		};
		17CE4B8922AF8F1D00AA2481 /* FizzBuzzTests */ = {
			isa = PBXGroup;
			children = (
				17CE4B8C22AF8F1D00AA2481 /* Info.plist */,
				17CE4BA322AF8F9B00AA2481 /* BrainTests.swift */,
			);
			path = FizzBuzzTests;
			sourceTree = "<group>";
		};
		17CE4B9422AF8F1D00AA2481 /* FizzBuzzUITests */ = {
			isa = PBXGroup;
			children = (
				17CE4B9522AF8F1D00AA2481 /* FizzBuzzUITests.swift */,
				17CE4B9722AF8F1D00AA2481 /* Info.plist */,
			);
			path = FizzBuzzUITests;
			sourceTree = "<group>";
		};
/* End PBXGroup section */

/* Begin PBXNativeTarget section */
		17CE4B7122AF8F1900AA2481 /* FizzBuzz */ = {
			isa = PBXNativeTarget;
			buildConfigurationList = 17CE4B9A22AF8F1D00AA2481 /* Build configuration list for PBXNativeTarget "FizzBuzz" */;
			buildPhases = (
				17CE4B6E22AF8F1900AA2481 /* Sources */,
				17CE4B6F22AF8F1900AA2481 /* Frameworks */,
				17CE4B7022AF8F1900AA2481 /* Resources */,
			);
			buildRules = (
			);
			dependencies = (
			);
			name = FizzBuzz;
			productName = FizzBuzz;
			productReference = 17CE4B7222AF8F1900AA2481 /* FizzBuzz.app */;
			productType = "com.apple.product-type.application";
		};
		17CE4B8522AF8F1D00AA2481 /* FizzBuzzTests */ = {
			isa = PBXNativeTarget;
			buildConfigurationList = 17CE4B9D22AF8F1D00AA2481 /* Build configuration list for PBXNativeTarget "FizzBuzzTests" */;
			buildPhases = (
				17CE4B8222AF8F1D00AA2481 /* Sources */,
				17CE4B8322AF8F1D00AA2481 /* Frameworks */,
				17CE4B8422AF8F1D00AA2481 /* Resources */,
			);
			buildRules = (
			);
			dependencies = (
				17CE4B8822AF8F1D00AA2481 /* PBXTargetDependency */,
			);
			name = FizzBuzzTests;
			productName = FizzBuzzTests;
			productReference = 17CE4B8622AF8F1D00AA2481 /* FizzBuzzTests.xctest */;
			productType = "com.apple.product-type.bundle.unit-test";
		};
		17CE4B9022AF8F1D00AA2481 /* FizzBuzzUITests */ = {
			isa = PBXNativeTarget;
			buildConfigurationList = 17CE4BA022AF8F1D00AA2481 /* Build configuration list for PBXNativeTarget "FizzBuzzUITests" */;
			buildPhases = (
				17CE4B8D22AF8F1D00AA2481 /* Sources */,
				17CE4B8E22AF8F1D00AA2481 /* Frameworks */,
				17CE4B8F22AF8F1D00AA2481 /* Resources */,
			);
			buildRules = (
			);
			dependencies = (
				17CE4B9322AF8F1D00AA2481 /* PBXTargetDependency */,
			);
			name = FizzBuzzUITests;
			productName = FizzBuzzUITests;
			productReference = 17CE4B9122AF8F1D00AA2481 /* FizzBuzzUITests.xctest */;
			productType = "com.apple.product-type.bundle.ui-testing";
		};
/* End PBXNativeTarget section */

/* Begin PBXProject section */
		17CE4B6A22AF8F1900AA2481 /* Project object */ = {
			isa = PBXProject;
			attributes = {
				LastSwiftUpdateCheck = 1020;
				LastUpgradeCheck = 1020;
				ORGANIZATIONNAME = "Jordan Roberts";
				TargetAttributes = {
					17CE4B7122AF8F1900AA2481 = {
						CreatedOnToolsVersion = 10.2.1;
					};
					17CE4B8522AF8F1D00AA2481 = {
						CreatedOnToolsVersion = 10.2.1;
						LastSwiftMigration = 1020;
						TestTargetID = 17CE4B7122AF8F1900AA2481;
					};
					17CE4B9022AF8F1D00AA2481 = {
						CreatedOnToolsVersion = 10.2.1;
						TestTargetID = 17CE4B7122AF8F1900AA2481;
					};
				};
			};
			buildConfigurationList = 17CE4B6D22AF8F1900AA2481 /* Build configuration list for PBXProject "FizzBuzz" */;
			compatibilityVersion = "Xcode 9.3";
			developmentRegion = en;
			hasScannedForEncodings = 0;
			knownRegions = (
				en,
				Base,
			);
			mainGroup = 17CE4B6922AF8F1900AA2481;
			productRefGroup = 17CE4B7322AF8F1900AA2481 /* Products */;
			projectDirPath = "";
			projectRoot = "";
			targets = (
				17CE4B7122AF8F1900AA2481 /* FizzBuzz */,
				17CE4B8522AF8F1D00AA2481 /* FizzBuzzTests */,
				17CE4B9022AF8F1D00AA2481 /* FizzBuzzUITests */,
			);
		};
/* End PBXProject section */

/* Begin PBXResourcesBuildPhase section */
		17CE4B7022AF8F1900AA2481 /* Resources */ = {
			isa = PBXResourcesBuildPhase;
			buildActionMask = 2147483647;
			files = (
				17CE4B8022AF8F1D00AA2481 /* LaunchScreen.storyboard in Resources */,
				17CE4B7D22AF8F1D00AA2481 /* Assets.xcassets in Resources */,
				17CE4B7B22AF8F1900AA2481 /* Main.storyboard in Resources */,
			);
			runOnlyForDeploymentPostprocessing = 0;
		};
		17CE4B8422AF8F1D00AA2481 /* Resources */ = {
			isa = PBXResourcesBuildPhase;
			buildActionMask = 2147483647;
			files = (
			);
			runOnlyForDeploymentPostprocessing = 0;
		};
		17CE4B8F22AF8F1D00AA2481 /* Resources */ = {
			isa = PBXResourcesBuildPhase;
			buildActionMask = 2147483647;
			files = (
			);
			runOnlyForDeploymentPostprocessing = 0;
		};
/* End PBXResourcesBuildPhase section */

/* Begin PBXSourcesBuildPhase section */
		17CE4B6E22AF8F1900AA2481 /* Sources */ = {
			isa = PBXSourcesBuildPhase;
			buildActionMask = 2147483647;
			files = (
				17CE4B7822AF8F1900AA2481 /* ViewController.swift in Sources */,
				17303AD022AFDB090060A4BC /* Brain.swift in Sources */,
				17CE4B7622AF8F1900AA2481 /* AppDelegate.swift in Sources */,
			);
			runOnlyForDeploymentPostprocessing = 0;
		};
		17CE4B8222AF8F1D00AA2481 /* Sources */ = {
			isa = PBXSourcesBuildPhase;
			buildActionMask = 2147483647;
			files = (
				17CE4BA422AF8F9B00AA2481 /* BrainTests.swift in Sources */,
			);
			runOnlyForDeploymentPostprocessing = 0;
		};
		17CE4B8D22AF8F1D00AA2481 /* Sources */ = {
			isa = PBXSourcesBuildPhase;
			buildActionMask = 2147483647;
			files = (
				17CE4B9622AF8F1D00AA2481 /* FizzBuzzUITests.swift in Sources */,
			);
			runOnlyForDeploymentPostprocessing = 0;
		};
/* End PBXSourcesBuildPhase section */

/* Begin PBXTargetDependency section */
		17CE4B8822AF8F1D00AA2481 /* PBXTargetDependency */ = {
			isa = PBXTargetDependency;
			target = 17CE4B7122AF8F1900AA2481 /* FizzBuzz */;
			targetProxy = 17CE4B8722AF8F1D00AA2481 /* PBXContainerItemProxy */;
		};
		17CE4B9322AF8F1D00AA2481 /* PBXTargetDependency */ = {
			isa = PBXTargetDependency;
			target = 17CE4B7122AF8F1900AA2481 /* FizzBuzz */;
			targetProxy = 17CE4B9222AF8F1D00AA2481 /* PBXContainerItemProxy */;
		};
/* End PBXTargetDependency section */

/* Begin PBXVariantGroup section */
		17CE4B7922AF8F1900AA2481 /* Main.storyboard */ = {
			isa = PBXVariantGroup;
			children = (
				17CE4B7A22AF8F1900AA2481 /* Base */,
			);
			name = Main.storyboard;
			sourceTree = "<group>";
		};
		17CE4B7E22AF8F1D00AA2481 /* LaunchScreen.storyboard */ = {
			isa = PBXVariantGroup;
			children = (
				17CE4B7F22AF8F1D00AA2481 /* Base */,
			);
			name = LaunchScreen.storyboard;
			sourceTree = "<group>";
		};
/* End PBXVariantGroup section */

/* Begin XCBuildConfiguration section */
		17CE4B9822AF8F1D00AA2481 /* Debug */ = {
			isa = XCBuildConfiguration;
			buildSettings = {
				ALWAYS_SEARCH_USER_PATHS = NO;
				CLANG_ANALYZER_NONNULL = YES;
				CLANG_ANALYZER_NUMBER_OBJECT_CONVERSION = YES_AGGRESSIVE;
				CLANG_CXX_LANGUAGE_STANDARD = "gnu++14";
				CLANG_CXX_LIBRARY = "libc++";
				CLANG_ENABLE_MODULES = YES;
				CLANG_ENABLE_OBJC_ARC = YES;
				CLANG_ENABLE_OBJC_WEAK = YES;
				CLANG_WARN_BLOCK_CAPTURE_AUTORELEASING = YES;
				CLANG_WARN_BOOL_CONVERSION = YES;
				CLANG_WARN_COMMA = YES;
				CLANG_WARN_CONSTANT_CONVERSION = YES;
				CLANG_WARN_DEPRECATED_OBJC_IMPLEMENTATIONS = YES;
				CLANG_WARN_DIRECT_OBJC_ISA_USAGE = YES_ERROR;
				CLANG_WARN_DOCUMENTATION_COMMENTS = YES;
				CLANG_WARN_EMPTY_BODY = YES;
				CLANG_WARN_ENUM_CONVERSION = YES;
				CLANG_WARN_INFINITE_RECURSION = YES;
				CLANG_WARN_INT_CONVERSION = YES;
				CLANG_WARN_NON_LITERAL_NULL_CONVERSION = YES;
				CLANG_WARN_OBJC_IMPLICIT_RETAIN_SELF = YES;
				CLANG_WARN_OBJC_LITERAL_CONVERSION = YES;
				CLANG_WARN_OBJC_ROOT_CLASS = YES_ERROR;
				CLANG_WARN_RANGE_LOOP_ANALYSIS = YES;
				CLANG_WARN_STRICT_PROTOTYPES = YES;
				CLANG_WARN_SUSPICIOUS_MOVE = YES;
				CLANG_WARN_UNGUARDED_AVAILABILITY = YES_AGGRESSIVE;
				CLANG_WARN_UNREACHABLE_CODE = YES;
				CLANG_WARN__DUPLICATE_METHOD_MATCH = YES;
				CODE_SIGN_IDENTITY = "iPhone Developer";
				COPY_PHASE_STRIP = NO;
				DEBUG_INFORMATION_FORMAT = dwarf;
				ENABLE_STRICT_OBJC_MSGSEND = YES;
				ENABLE_TESTABILITY = YES;
				GCC_C_LANGUAGE_STANDARD = gnu11;
				GCC_DYNAMIC_NO_PIC = NO;
				GCC_NO_COMMON_BLOCKS = YES;
				GCC_OPTIMIZATION_LEVEL = 0;
				GCC_PREPROCESSOR_DEFINITIONS = (
					"DEBUG=1",
					"$(inherited)",
				);
				GCC_WARN_64_TO_32_BIT_CONVERSION = YES;
				GCC_WARN_ABOUT_RETURN_TYPE = YES_ERROR;
				GCC_WARN_UNDECLARED_SELECTOR = YES;
				GCC_WARN_UNINITIALIZED_AUTOS = YES_AGGRESSIVE;
				GCC_WARN_UNUSED_FUNCTION = YES;
				GCC_WARN_UNUSED_VARIABLE = YES;
				IPHONEOS_DEPLOYMENT_TARGET = 12.2;
				MTL_ENABLE_DEBUG_INFO = INCLUDE_SOURCE;
				MTL_FAST_MATH = YES;
				ONLY_ACTIVE_ARCH = YES;
				SDKROOT = iphoneos;
				SWIFT_ACTIVE_COMPILATION_CONDITIONS = DEBUG;
				SWIFT_OPTIMIZATION_LEVEL = "-Onone";
			};
			name = Debug;
		};
		17CE4B9922AF8F1D00AA2481 /* Release */ = {
			isa = XCBuildConfiguration;
			buildSettings = {
				ALWAYS_SEARCH_USER_PATHS = NO;
				CLANG_ANALYZER_NONNULL = YES;
				CLANG_ANALYZER_NUMBER_OBJECT_CONVERSION = YES_AGGRESSIVE;
				CLANG_CXX_LANGUAGE_STANDARD = "gnu++14";
				CLANG_CXX_LIBRARY = "libc++";
				CLANG_ENABLE_MODULES = YES;
				CLANG_ENABLE_OBJC_ARC = YES;
				CLANG_ENABLE_OBJC_WEAK = YES;
				CLANG_WARN_BLOCK_CAPTURE_AUTORELEASING = YES;
				CLANG_WARN_BOOL_CONVERSION = YES;
				CLANG_WARN_COMMA = YES;
				CLANG_WARN_CONSTANT_CONVERSION = YES;
				CLANG_WARN_DEPRECATED_OBJC_IMPLEMENTATIONS = YES;
				CLANG_WARN_DIRECT_OBJC_ISA_USAGE = YES_ERROR;
				CLANG_WARN_DOCUMENTATION_COMMENTS = YES;
				CLANG_WARN_EMPTY_BODY = YES;
				CLANG_WARN_ENUM_CONVERSION = YES;
				CLANG_WARN_INFINITE_RECURSION = YES;
				CLANG_WARN_INT_CONVERSION = YES;
				CLANG_WARN_NON_LITERAL_NULL_CONVERSION = YES;
				CLANG_WARN_OBJC_IMPLICIT_RETAIN_SELF = YES;
				CLANG_WARN_OBJC_LITERAL_CONVERSION = YES;
				CLANG_WARN_OBJC_ROOT_CLASS = YES_ERROR;
				CLANG_WARN_RANGE_LOOP_ANALYSIS = YES;
				CLANG_WARN_STRICT_PROTOTYPES = YES;
				CLANG_WARN_SUSPICIOUS_MOVE = YES;
				CLANG_WARN_UNGUARDED_AVAILABILITY = YES_AGGRESSIVE;
				CLANG_WARN_UNREACHABLE_CODE = YES;
				CLANG_WARN__DUPLICATE_METHOD_MATCH = YES;
				CODE_SIGN_IDENTITY = "iPhone Developer";
				COPY_PHASE_STRIP = NO;
				DEBUG_INFORMATION_FORMAT = "dwarf-with-dsym";
				ENABLE_NS_ASSERTIONS = NO;
				ENABLE_STRICT_OBJC_MSGSEND = YES;
				GCC_C_LANGUAGE_STANDARD = gnu11;
				GCC_NO_COMMON_BLOCKS = YES;
				GCC_WARN_64_TO_32_BIT_CONVERSION = YES;
				GCC_WARN_ABOUT_RETURN_TYPE = YES_ERROR;
				GCC_WARN_UNDECLARED_SELECTOR = YES;
				GCC_WARN_UNINITIALIZED_AUTOS = YES_AGGRESSIVE;
				GCC_WARN_UNUSED_FUNCTION = YES;
				GCC_WARN_UNUSED_VARIABLE = YES;
				IPHONEOS_DEPLOYMENT_TARGET = 12.2;
				MTL_ENABLE_DEBUG_INFO = NO;
				MTL_FAST_MATH = YES;
				SDKROOT = iphoneos;
				SWIFT_COMPILATION_MODE = wholemodule;
				SWIFT_OPTIMIZATION_LEVEL = "-O";
				VALIDATE_PRODUCT = YES;
			};
			name = Release;
		};
		17CE4B9B22AF8F1D00AA2481 /* Debug */ = {
			isa = XCBuildConfiguration;
			buildSettings = {
				ASSETCATALOG_COMPILER_APPICON_NAME = AppIcon;
				CODE_SIGN_STYLE = Automatic;
				INFOPLIST_FILE = FizzBuzz/Info.plist;
				LD_RUNPATH_SEARCH_PATHS = (
					"$(inherited)",
					"@executable_path/Frameworks",
				);
				PRODUCT_BUNDLE_IDENTIFIER = "Jordan-Roberts.FizzBuzz";
				PRODUCT_NAME = "$(TARGET_NAME)";
				SWIFT_VERSION = 5.0;
				TARGETED_DEVICE_FAMILY = "1,2";
			};
			name = Debug;
		};
		17CE4B9C22AF8F1D00AA2481 /* Release */ = {
			isa = XCBuildConfiguration;
			buildSettings = {
				ASSETCATALOG_COMPILER_APPICON_NAME = AppIcon;
				CODE_SIGN_STYLE = Automatic;
				INFOPLIST_FILE = FizzBuzz/Info.plist;
				LD_RUNPATH_SEARCH_PATHS = (
					"$(inherited)",
					"@executable_path/Frameworks",
				);
				PRODUCT_BUNDLE_IDENTIFIER = "Jordan-Roberts.FizzBuzz";
				PRODUCT_NAME = "$(TARGET_NAME)";
				SWIFT_VERSION = 5.0;
				TARGETED_DEVICE_FAMILY = "1,2";
			};
			name = Release;
		};
		17CE4B9E22AF8F1D00AA2481 /* Debug */ = {
			isa = XCBuildConfiguration;
			buildSettings = {
				ALWAYS_EMBED_SWIFT_STANDARD_LIBRARIES = YES;
				BUNDLE_LOADER = "$(TEST_HOST)";
				CLANG_ENABLE_MODULES = YES;
				CODE_SIGN_STYLE = Automatic;
				INFOPLIST_FILE = FizzBuzzTests/Info.plist;
				LD_RUNPATH_SEARCH_PATHS = (
					"$(inherited)",
					"@executable_path/Frameworks",
					"@loader_path/Frameworks",
				);
				PRODUCT_BUNDLE_IDENTIFIER = "Jordan-Roberts.FizzBuzzTests";
				PRODUCT_NAME = "$(TARGET_NAME)";
				SWIFT_OPTIMIZATION_LEVEL = "-Onone";
				SWIFT_VERSION = 5.0;
				TARGETED_DEVICE_FAMILY = "1,2";
				TEST_HOST = "$(BUILT_PRODUCTS_DIR)/FizzBuzz.app/FizzBuzz";
			};
			name = Debug;
		};
		17CE4B9F22AF8F1D00AA2481 /* Release */ = {
			isa = XCBuildConfiguration;
			buildSettings = {
				ALWAYS_EMBED_SWIFT_STANDARD_LIBRARIES = YES;
				BUNDLE_LOADER = "$(TEST_HOST)";
				CLANG_ENABLE_MODULES = YES;
				CODE_SIGN_STYLE = Automatic;
				INFOPLIST_FILE = FizzBuzzTests/Info.plist;
				LD_RUNPATH_SEARCH_PATHS = (
					"$(inherited)",
					"@executable_path/Frameworks",
					"@loader_path/Frameworks",
				);
				PRODUCT_BUNDLE_IDENTIFIER = "Jordan-Roberts.FizzBuzzTests";
				PRODUCT_NAME = "$(TARGET_NAME)";
				SWIFT_VERSION = 5.0;
				TARGETED_DEVICE_FAMILY = "1,2";
				TEST_HOST = "$(BUILT_PRODUCTS_DIR)/FizzBuzz.app/FizzBuzz";
			};
			name = Release;
		};
		17CE4BA122AF8F1D00AA2481 /* Debug */ = {
			isa = XCBuildConfiguration;
			buildSettings = {
				ALWAYS_EMBED_SWIFT_STANDARD_LIBRARIES = YES;
				CODE_SIGN_STYLE = Automatic;
				INFOPLIST_FILE = FizzBuzzUITests/Info.plist;
				LD_RUNPATH_SEARCH_PATHS = (
					"$(inherited)",
					"@executable_path/Frameworks",
					"@loader_path/Frameworks",
				);
				PRODUCT_BUNDLE_IDENTIFIER = "Jordan-Roberts.FizzBuzzUITests";
				PRODUCT_NAME = "$(TARGET_NAME)";
				SWIFT_VERSION = 5.0;
				TARGETED_DEVICE_FAMILY = "1,2";
				TEST_TARGET_NAME = FizzBuzz;
			};
			name = Debug;
		};
		17CE4BA222AF8F1D00AA2481 /* Release */ = {
			isa = XCBuildConfiguration;
			buildSettings = {
				ALWAYS_EMBED_SWIFT_STANDARD_LIBRARIES = YES;
				CODE_SIGN_STYLE = Automatic;
				INFOPLIST_FILE = FizzBuzzUITests/Info.plist;
				LD_RUNPATH_SEARCH_PATHS = (
					"$(inherited)",
					"@executable_path/Frameworks",
					"@loader_path/Frameworks",
				);
				PRODUCT_BUNDLE_IDENTIFIER = "Jordan-Roberts.FizzBuzzUITests";
				PRODUCT_NAME = "$(TARGET_NAME)";
				SWIFT_VERSION = 5.0;
				TARGETED_DEVICE_FAMILY = "1,2";
				TEST_TARGET_NAME = FizzBuzz;
			};
			name = Release;
		};
/* End XCBuildConfiguration section */

/* Begin XCConfigurationList section */
		17CE4B6D22AF8F1900AA2481 /* Build configuration list for PBXProject "FizzBuzz" */ = {
			isa = XCConfigurationList;
			buildConfigurations = (
				17CE4B9822AF8F1D00AA2481 /* Debug */,
				17CE4B9922AF8F1D00AA2481 /* Release */,
			);
			defaultConfigurationIsVisible = 0;
			defaultConfigurationName = Release;
		};
		17CE4B9A22AF8F1D00AA2481 /* Build configuration list for PBXNativeTarget "FizzBuzz" */ = {
			isa = XCConfigurationList;
			buildConfigurations = (
				17CE4B9B22AF8F1D00AA2481 /* Debug */,
				17CE4B9C22AF8F1D00AA2481 /* Release */,
			);
			defaultConfigurationIsVisible = 0;
			defaultConfigurationName = Release;
		};
		17CE4B9D22AF8F1D00AA2481 /* Build configuration list for PBXNativeTarget "FizzBuzzTests" */ = {
			isa = XCConfigurationList;
			buildConfigurations = (
				17CE4B9E22AF8F1D00AA2481 /* Debug */,
				17CE4B9F22AF8F1D00AA2481 /* Release */,
			);
			defaultConfigurationIsVisible = 0;
			defaultConfigurationName = Release;
		};
		17CE4BA022AF8F1D00AA2481 /* Build configuration list for PBXNativeTarget "FizzBuzzUITests" */ = {
			isa = XCConfigurationList;
			buildConfigurations = (
				17CE4BA122AF8F1D00AA2481 /* Debug */,
				17CE4BA222AF8F1D00AA2481 /* Release */,
			);
			defaultConfigurationIsVisible = 0;
			defaultConfigurationName = Release;
		};
/* End XCConfigurationList section */
	};
	rootObject = 17CE4B6A22AF8F1900AA2481 /* Project object */;
}
